
Microsoft Visual Studio Solution File, Format Version 12.00
# Visual Studio Version 16
VisualStudioVersion = 16.0.30413.136
MinimumVisualStudioVersion = 10.0.40219.1
Project("{FAE04EC0-301F-11D3-BF4B-00C04F79EFBC}") = "MyProjectRecipeBook", "MyProjectRecipeBook\MyProjectRecipeBook.csproj", "{EDC745E1-ABB7-466E-A149-5005848C635C}"
EndProject
Global
	GlobalSection(SolutionConfigurationPlatforms) = preSolution
		Debug|Any CPU = Debug|Any CPU
		Release|Any CPU = Release|Any CPU
	EndGlobalSection
	GlobalSection(ProjectConfigurationPlatforms) = postSolution
		{EDC745E1-ABB7-466E-A149-5005848C635C}.Debug|Any CPU.ActiveCfg = Debug|Any CPU
		{EDC745E1-ABB7-466E-A149-5005848C635C}.Debug|Any CPU.Build.0 = Debug|Any CPU
		{EDC745E1-ABB7-466E-A149-5005848C635C}.Release|Any CPU.ActiveCfg = Release|Any CPU
		{EDC745E1-ABB7-466E-A149-5005848C635C}.Release|Any CPU.Build.0 = Release|Any CPU
	EndGlobalSection
	GlobalSection(SolutionProperties) = preSolution
		HideSolutionNode = FALSE
	EndGlobalSection
	GlobalSection(ExtensibilityGlobals) = postSolution
		SolutionGuid = {FBB5EC14-EC03-41AB-97E8-30FC8CBB60FE}
	EndGlobalSection
EndGlobal
